{
    "_meta": {
        "hash": {
            "sha256": "022fccdc6fcc2744f0ac35ec02e62acbd987e301dd8669074f30e9539b2ed8a5"
        },
        "pipfile-spec": 6,
        "requires": {
            "python_version": "3.6"
        },
        "sources": [
            {
                "name": "pypi",
                "url": "https://pypi.org/simple",
                "verify_ssl": true
            }
        ]
    },
    "default": {
        "atari-py": {
            "hashes": [
                "sha256:981fe7c6a4ab68ffcde8499ed0a859697320ac5b14233d52012bb358012b7bd5"
            ],
            "version": "==0.1.1"
        },
        "certifi": {
            "hashes": [
                "sha256:13e698f54293db9f89122b0581843a782ad0934a4fe0172d2a980ba77fc61bb7",
                "sha256:9fa520c1bacfb634fa7af20a76bcbd3d5fb390481724c597da32c719a7dca4b0"
            ],
            "version": "==2018.4.16"
        },
        "chardet": {
            "hashes": [
                "sha256:84ab92ed1c4d4f16916e05906b6b75a6c0fb5db821cc65e70cbd64a3e2a5eaae",
                "sha256:fc323ffcaeaed0e0a02bf4d117757b98aed530d9ed4531e3e15460124c106691"
            ],
            "version": "==3.0.4"
        },
        "future": {
            "hashes": [
                "sha256:e39ced1ab767b5936646cedba8bcce582398233d6a627067d4c6a454c90cfedb"
            ],
            "version": "==0.16.0"
        },
        "gym": {
            "hashes": [
                "sha256:6baf3f3b163e237869d92a64daeaa88f14f62bb1105863e45312505a19dbd652"
            ],
            "index": "pypi",
            "version": "==0.10.5"
        },
        "idna": {
            "hashes": [
                "sha256:2c6a5de3089009e3da7c5dde64a141dbc8551d5b7f6cf4ed7c2568d0cc520a8f",
                "sha256:8c7309c718f94b3a625cb648ace320157ad16ff131ae0af362c9f21b80ef6ec4"
            ],
            "version": "==2.6"
        },
        "numpy": {
            "hashes": [
                "sha256:0074d42e2cc333800bd09996223d40ec52e3b1ec0a5cab05dacc09b662c4c1ae",
                "sha256:034717bfef517858abc79324820a702dc6cd063effb9baab86533e8a78670689",
                "sha256:0db6301324d0568089663ef2701ad90ebac0e975742c97460e89366692bd0563",
                "sha256:1864d005b2eb7598063e35c320787d87730d864f40d6410f768fe4ea20672016",
                "sha256:46ce8323ca9384814c7645298b8b627b7d04ce97d6948ef02da357b2389d6972",
                "sha256:510863d606c932b41d2209e4de6157ab3fdf52001d3e4ad351103176d33c4b8b",
                "sha256:560e23a12e7599be8e8b67621396c5bc687fd54b48b890adbc71bc5a67333f86",
                "sha256:57dc6c22d59054542600fce6fae2d1189b9c50bafc1aab32e55f7efcc84a6c46",
                "sha256:760550fdf9d8ec7da9c4402a4afe6e25c0f184ae132011676298a6b636660b45",
                "sha256:8670067685051b49d1f2f66e396488064299fefca199c7c80b6ba0c639fedc98",
                "sha256:9016692c7d390f9d378fc88b7a799dc9caa7eb938163dda5276d3f3d6f75debf",
                "sha256:98ff275f1b5907490d26b30b6ff111ecf2de0254f0ab08833d8fe61aa2068a00",
                "sha256:9ccf4d5c9139b1e985db915039baa0610a7e4a45090580065f8d8cb801b7422f",
                "sha256:a8dbab311d4259de5eeaa5b4e83f5f8545e4808f9144e84c0f424a6ee55a7b98",
                "sha256:aaef1bea636b6e552bbc5dae0ada87d4f6046359daaa97a05a013b0169620f27",
                "sha256:b8987e30d9a0eb6635df9705a75cf8c4a2835590244baecf210163343bc65176",
                "sha256:c3fe23df6fe0898e788581753da453f877350058c5982e85a8972feeecb15309",
                "sha256:c5eb7254cfc4bd7a4330ad7e1f65b98343836865338c57b0e25c661e41d5cfd9",
                "sha256:c80fcf9b38c7f4df666150069b04abbd2fe42ae640703a6e1f128cda83b552b7",
                "sha256:e33baf50f2f6b7153ddb973601a11df852697fba4c08b34a5e0f39f66f8120e1",
                "sha256:e8578a62a8eaf552b95d62f630bb5dd071243ba1302bbff3e55ac48588508736",
                "sha256:f22b3206f1c561dd9110b93d144c6aaa4a9a354e3b07ad36030df3ea92c5bb5b",
                "sha256:f39afab5769b3aaa786634b94b4a23ef3c150bdda044e8a32a3fc16ddafe803b"
            ],
            "version": "==1.14.3"
        },
        "pillow": {
            "hashes": [
                "sha256:00633bc2ec40313f4daf351855e506d296ec3c553f21b66720d0f1225ca84c6f",
                "sha256:03514478db61b034fc5d38b9bf060f994e5916776e93f02e59732a8270069c61",
                "sha256:040144ba422216aecf7577484865ade90e1a475f867301c48bf9fbd7579efd76",
                "sha256:16246261ff22368e5e32ad74d5ef40403ab6895171a7fc6d34f6c17cfc0f1943",
                "sha256:1cb38df69362af35c14d4a50123b63c7ff18ec9a6d4d5da629a6f19d05e16ba8",
                "sha256:2400e122f7b21d9801798207e424cbe1f716cee7314cd0c8963fdb6fc564b5fb",
                "sha256:2ee6364b270b56a49e8b8a51488e847ab130adc1220c171bed6818c0d4742455",
                "sha256:3b4560c3891b05022c464b09121bd507c477505a4e19d703e1027a3a7c68d896",
                "sha256:41374a6afb3f44794410dab54a0d7175e6209a5a02d407119c81083f1a4c1841",
                "sha256:438a3faf5f702c8d0f80b9f9f9b8382cfa048ca6a0d64ef71b86b563b0ee0359",
                "sha256:472a124c640bde4d5468f6991c9fa7e30b723d84ac4195a77c6ab6aea30f2b9c",
                "sha256:4d32c8e3623a61d6e29ccd024066cd1ba556555abfb4cd714155020e00107e3f",
                "sha256:4d8077fd649ac40a5c4165f2c22fa2a4ad18c668e271ecb2f9d849d1017a9313",
                "sha256:62ec7ae98357fcd46002c110bb7cad15fce532776f0cbe7ca1d44c49b837d49d",
                "sha256:6c7cab6a05351cf61e469937c49dbf3cdf5ffb3eeac71f8d22dc9be3507598d8",
                "sha256:6eca36905444c4b91fe61f1b9933a47a30480738a1dd26501ff67d94fc2bc112",
                "sha256:74e2ebfd19c16c28ad43b8a28ff73b904ed382ea4875188838541751986e8c9a",
                "sha256:7673e7473a13107059377c96c563aa36f73184c29d2926882e0a0210b779a1e7",
                "sha256:81762cf5fca9a82b53b7b2d0e6b420e0f3b06167b97678c81d00470daa622d58",
                "sha256:8554bbeb4218d9cfb1917c69e6f2d2ad0be9b18a775d2162547edf992e1f5f1f",
                "sha256:9b66e968da9c4393f5795285528bc862c7b97b91251f31a08004a3c626d18114",
                "sha256:a00edb2dec0035e98ac3ec768086f0b06dfabb4ad308592ede364ef573692f55",
                "sha256:b48401752496757e95304a46213c3155bc911ac884bed2e9b275ce1c1df3e293",
                "sha256:b6cf18f9e653a8077522bb3aa753a776b117e3e0cc872c25811cfdf1459491c2",
                "sha256:bb8adab1877e9213385cbb1adc297ed8337e01872c42a30cfaa66ff8c422779c",
                "sha256:c8a4b39ba380b57a31a4b5449a9d257b1302d8bc4799767e645dcee25725efe1",
                "sha256:cee9bc75bff455d317b6947081df0824a8f118de2786dc3d74a3503fd631f4ef",
                "sha256:d0dc1313dff48af64517cbbd85e046d6b477fbe5e9d69712801f024dcb08c62b",
                "sha256:d5bf527ed83617edd1855a5c923eeeaf68bcb9ac0ceb28e3f19b575b3a424984",
                "sha256:df5863a21f91de5ecdf7d32a32f406dd9867ebb35d41033b8bd9607a21887599",
                "sha256:e39142332541ed2884c257495504858b22c078a5d781059b07aba4c3a80d7551",
                "sha256:e52e8f675ba0b2b417fa98579e7286a41a8e23871f17f4793772f5aa884fea79",
                "sha256:e6dd55d5d94b9e36929325dd0c9ab85bfde84a5fc35947c334c32af1af668944",
                "sha256:e87cc1acbebf263f308a8494272c2d42016aa33c32bf14d209c81e1f65e11868",
                "sha256:ea0091cd4100519cedfeea2c659f52291f535ac6725e2368bcf59e874f270efa",
                "sha256:eeb247f4f4d962942b3b555530b0c63b77473c7bfe475e51c6b75b7344b49ce3",
                "sha256:f0d4433adce6075efd24fc0285135248b0b50f5a58129c7e552030e04fe45c7f",
                "sha256:f1f3bd92f8e12dc22884935a73c9f94c4d9bd0d34410c456540713d6b7832b8c",
                "sha256:f42a87cbf50e905f49f053c0b1fb86c911c730624022bf44c8857244fc4cdaca",
                "sha256:f5f302db65e2e0ae96e26670818157640d3ca83a3054c290eff3631598dcf819",
                "sha256:f7634d534662bbb08976db801ba27a112aee23e597eeaf09267b4575341e45bf",
                "sha256:fdd374c02e8bb2d6468a85be50ea66e1c4ef9e809974c30d8576728473a6ed03",
                "sha256:fe6931db24716a0845bd8c8915bd096b77c2a7043e6fc59ae9ca364fe816f08b"
            ],
            "version": "==5.1.0"
        },
        "protobuf": {
            "hashes": [
                "sha256:01ccd6d03449ae75b779fb5bf4ed62177d61afe3c5e6465ccf3f8b2e1a84afbe",
                "sha256:1d92cc30b0b46cced33adde5853d920179eb5ea8eecdee9552502a7f29cc3f21",
                "sha256:242e4c7ae565267a8bc8b92d707177f915607ea4bd73244bec6cbf4a49b96661",
                "sha256:3b60685732bd0cbdc802dfcb6071efbcf5d927ce3127c13c33ea1a8efae3aa76",
                "sha256:3f655e1f99c3e14d56ca900af1b9a4715b691319a295cc38939d7f77eabd5e7c",
                "sha256:560a38e692a69957a70ba0e5839aa67430efd63072bf91b0539dac19055694cd",
                "sha256:5c1c8f6a0a68a874e3beff89255959dd80fad45870e96c88944a1b81a22dd5f5",
                "sha256:628a3bf0794a8b3cabb18db11eb67cc10e0cc6e5525d557ae7b682bb73fa2018",
                "sha256:7222d6616108b33ad6cbeff8117062a73c43cdc8fa8f64f6a322ebeb663e710e",
                "sha256:76ef6ca3c50e4cfd044861586d5f1b352e0fe7f17f883df6c165bad5b4d0e10a",
                "sha256:7c193e6964e752bd056735594826c5b03274ceb8f07349d3ae47d9766250ba96",
                "sha256:869e12bcfb5759e683f53ec1dd6155b7be034065431da289f0cb4510040a0799",
                "sha256:905414e5ea6cdb78d8730f66335755152b46685fcb9fc2f2134024e3ea9e8dcc",
                "sha256:ac0067e3c60737865ed72bb7416e02297d229d960902802d874c0e167128c809",
                "sha256:adf716a89c9cc1891ead79a861c427071ef59172f0e11967b00565a9547b3bd0",
                "sha256:bcfa99f5a82f5eaaf6e5cee5bfdca5a1670f5740aec1d93dae170645ed1a16b0",
                "sha256:cc94079ae6cbcea5ae194464a30f3223f075e06a0446f52bca9ddbeb6e9f412a",
                "sha256:d5d9edfdc5a3a01d06062d677b121081629782edf0e05ca1be14f15bb947eeee",
                "sha256:e269ab7a50bf0fa6fe6a88ea7dcc7a1079ae9450d9ab9b7730ac32916d55508b",
                "sha256:e7fd33a3474cbe18fd5b5620784a0fa21fcae3e402b1806e29c6b450c7f61706"
            ],
            "index": "pypi",
            "version": "==3.5.2.post1"
        },
        "pyglet": {
            "hashes": [
                "sha256:8b07aea16f34ac861cffd06a0c17723ca944d172e577b57b21859b7990709a66",
                "sha256:b00570e7cdf6971af8953b6ece50d83d13272afa5d1f1197c58c0f478dd17743"
            ],
            "version": "==1.3.2"
        },
        "pyopengl": {
            "hashes": [
                "sha256:5b3a14a4e4c87cf25ca41bc5878583df0e434624b13fcc55d1a672f79ad1b76f",
                "sha256:9b47c5c3a094fa518ca88aeed35ae75834d53e4285512c61879f67a48c94ddaf",
                "sha256:efa4e39a49b906ccbe66758812ca81ced13a6f26931ab2ba2dba2750c016c0d0"
            ],
            "version": "==3.1.0"
        },
        "pyzmq": {
            "hashes": [
                "sha256:0145ae59139b41f65e047a3a9ed11bbc36e37d5e96c64382fcdff911c4d8c3f0",
                "sha256:18de8a02768b1c0b3495ac635b24bd902fafc08befb70a6e68c4d343ccbd6cbd",
                "sha256:2fb4d745ffe0a65ebf8fd29df093bb5c0ac96a506cb05b9a7b7c94b2524ae7f6",
                "sha256:4193cc666591495ab7fe8d24fa8374a35f9775f16dc7c46e03615559e1fc1855",
                "sha256:445fed4d71ac48da258ba38f2e29c88c5091124212a4004a0a6a42e6586a7de1",
                "sha256:538dfdd9542cf9ff37cd958da03b58d56b53b90800159ea07adc51a8ec7ffcb8",
                "sha256:613ac1fc4591b1c6a0a52ce3ed17dbffd6a17e985df504e8b4cdb987f97285b1",
                "sha256:630fb21f7474eb9e409a1ad476bf1ec489a69eb021172d422f2485cc3a44cd79",
                "sha256:6c3632d2c17cf03ce728ffaa328d45bb053623b3a0aa9747adcde81778d5a4d5",
                "sha256:767e1d0b1f7fff1950127abc08c5a5af2754987bc6480c6d641bed6971278a7a",
                "sha256:863ec1bfa52da6eaa5c4aa59143eeaeb4ef7a076862407a548ec645f25e6d6df",
                "sha256:a0ecf4c3eccd92f030a4e3e334b9da6fa3ee86be00249343c74e476d70567d0f",
                "sha256:ad5a8b19b6671b52d30ccfc3a0f4c600e49c4e2dcc88caf4106ed5958dec8d5e",
                "sha256:b31f2b50ad2920f21b904f5edf66bee324e42bb978df1407ecf381b210d4678e",
                "sha256:b328c538061757f627d32f7f8885c16f1d2f59f5374e057822f3c8e6cd94c41b",
                "sha256:b89268020a843d4c3cc04180577ec061fe96d35f267b0b672cb006e4d70560da",
                "sha256:ba0b43aebf856e5e249250d74c1232d6600b6859328920d12e2ba72a565ab1b1",
                "sha256:bdb12b485b3440b5193cd337d27cc126cdfc54ea9f38df237e1ead6216435cbe",
                "sha256:c30d27c9b35285597b8ef3019f97b9b98457b053f65dcc87a90dfdd4db09ca78",
                "sha256:d51eb3902d27d691483243707bfa67972167a70269bbbc172b74eeac4f780a1d",
                "sha256:e5578ae84bb94e97adadfcb00106a1cb161cb8017f89b01f6c3737f356257811",
                "sha256:f35b4cdeffff79357a9d929daa2a8620fb362b2cbeebdc5dd2cf9fcd27c44821",
                "sha256:fb983aec4bddee3680a0b7395f99e4595d70d81841370da736c5dc642bad4cd2"
            ],
            "version": "==17.0.0"
        },
        "requests": {
            "hashes": [
                "sha256:6a1b267aa90cac58ac3a765d067950e7dbbf75b1da07e895d1f594193a40a38b",
                "sha256:9c443e7324ba5b85070c4a818ade28bfabedf16ea10206da1132edaa6dda237e"
            ],
            "version": "==2.18.4"
        },
        "six": {
            "hashes": [
                "sha256:70e8a77beed4562e7f14fe23a786b54f6296e34344c23bc42f07b15018ff98e9",
                "sha256:832dc0e10feb1aa2c68dcc57dbb658f1c7e65b9b61af69048abc87a2db00a0eb"
            ],
            "version": "==1.11.0"
        },
        "urllib3": {
            "hashes": [
                "sha256:06330f386d6e4b195fbfc736b297f58c5a892e4440e54d294d7004e3a9bbea1b",
                "sha256:cc44da8e1145637334317feebd728bd869a35285b93cbb4cca2577da7e62db4f"
            ],
            "version": "==1.22"
        },
        "zmq": {
            "hashes": [
                "sha256:21cfc6be254c9bc25e4dabb8a3b2006a4227966b7b39a637426084c8dc6901f7",
                "sha256:6b1a1de53338646e8c8405803cffb659e8eb7bb02fff4c9be62a7acfac8370c9"
            ],
            "index": "pypi",
            "version": "==0.0.0"
        }
    },
    "develop": {}
}
